
Microsoft Visual Studio Solution File, Format Version 12.00
# Visual Studio 14
VisualStudioVersion = 14.0.25420.1
MinimumVisualStudioVersion = 10.0.40219.1
Project("{FAE04EC0-301F-11D3-BF4B-00C04F79EFBC}") = "XamarinApp2015", "XamarinApp2015\XamarinApp2015\XamarinApp2015.csproj", "{0E763CF9-87D3-4347-A738-FC864E5378A4}"
EndProject
Project("{FAE04EC0-301F-11D3-BF4B-00C04F79EFBC}") = "XamarinApp2015.Droid", "XamarinApp2015\XamarinApp2015.Droid\XamarinApp2015.Droid.csproj", "{AB4DF70F-D7E9-4C19-A7E5-E47DA47D14B7}"
EndProject
Project("{FAE04EC0-301F-11D3-BF4B-00C04F79EFBC}") = "XamarinApp2015.iOS", "XamarinApp2015\XamarinApp2015.iOS\XamarinApp2015.iOS.csproj", "{BBFEC8DA-903D-4156-9579-C4ADA598F476}"
EndProject
Project("{FAE04EC0-301F-11D3-BF4B-00C04F79EFBC}") = "XamarinApp2015.WinPhone", "XamarinApp2015\XamarinApp2015.WinPhone\XamarinApp2015.WinPhone.csproj", "{450AAF0A-169B-4002-A07B-98852CEBC75A}"
EndProject
Project("{FAE04EC0-301F-11D3-BF4B-00C04F79EFBC}") = "XamarinApp2015.Windows", "XamarinApp2015\XamarinApp2015.Windows\XamarinApp2015.Windows.csproj", "{DBA6EE5C-2423-4807-B807-2480AFBD12F4}"
EndProject
Global
	GlobalSection(SolutionConfigurationPlatforms) = preSolution
		Ad-Hoc|Any CPU = Ad-Hoc|Any CPU
		Ad-Hoc|ARM = Ad-Hoc|ARM
		Ad-Hoc|iPhone = Ad-Hoc|iPhone
		Ad-Hoc|iPhoneSimulator = Ad-Hoc|iPhoneSimulator
		Ad-Hoc|x64 = Ad-Hoc|x64
		Ad-Hoc|x86 = Ad-Hoc|x86
		AppStore|Any CPU = AppStore|Any CPU
		AppStore|ARM = AppStore|ARM
		AppStore|iPhone = AppStore|iPhone
		AppStore|iPhoneSimulator = AppStore|iPhoneSimulator
		AppStore|x64 = AppStore|x64
		AppStore|x86 = AppStore|x86
		Debug|Any CPU = Debug|Any CPU
		Debug|ARM = Debug|ARM
		Debug|iPhone = Debug|iPhone
		Debug|iPhoneSimulator = Debug|iPhoneSimulator
		Debug|x64 = Debug|x64
		Debug|x86 = Debug|x86
		Release|Any CPU = Release|Any CPU
		Release|ARM = Release|ARM
		Release|iPhone = Release|iPhone
		Release|iPhoneSimulator = Release|iPhoneSimulator
		Release|x64 = Release|x64
		Release|x86 = Release|x86
	EndGlobalSection
	GlobalSection(ProjectConfigurationPlatforms) = postSolution
		{0E763CF9-87D3-4347-A738-FC864E5378A4}.Ad-Hoc|Any CPU.ActiveCfg = Release|Any CPU
		{0E763CF9-87D3-4347-A738-FC864E5378A4}.Ad-Hoc|Any CPU.Build.0 = Release|Any CPU
		{0E763CF9-87D3-4347-A738-FC864E5378A4}.Ad-Hoc|ARM.ActiveCfg = Release|Any CPU
		{0E763CF9-87D3-4347-A738-FC864E5378A4}.Ad-Hoc|ARM.Build.0 = Release|Any CPU
		{0E763CF9-87D3-4347-A738-FC864E5378A4}.Ad-Hoc|iPhone.ActiveCfg = Release|Any CPU
		{0E763CF9-87D3-4347-A738-FC864E5378A4}.Ad-Hoc|iPhone.Build.0 = Release|Any CPU
		{0E763CF9-87D3-4347-A738-FC864E5378A4}.Ad-Hoc|iPhoneSimulator.ActiveCfg = Release|Any CPU
		{0E763CF9-87D3-4347-A738-FC864E5378A4}.Ad-Hoc|iPhoneSimulator.Build.0 = Release|Any CPU
		{0E763CF9-87D3-4347-A738-FC864E5378A4}.Ad-Hoc|x64.ActiveCfg = Release|Any CPU
		{0E763CF9-87D3-4347-A738-FC864E5378A4}.Ad-Hoc|x64.Build.0 = Release|Any CPU
		{0E763CF9-87D3-4347-A738-FC864E5378A4}.Ad-Hoc|x86.ActiveCfg = Release|Any CPU
		{0E763CF9-87D3-4347-A738-FC864E5378A4}.Ad-Hoc|x86.Build.0 = Release|Any CPU
		{0E763CF9-87D3-4347-A738-FC864E5378A4}.AppStore|Any CPU.ActiveCfg = Release|Any CPU
		{0E763CF9-87D3-4347-A738-FC864E5378A4}.AppStore|Any CPU.Build.0 = Release|Any CPU
		{0E763CF9-87D3-4347-A738-FC864E5378A4}.AppStore|ARM.ActiveCfg = Release|Any CPU
		{0E763CF9-87D3-4347-A738-FC864E5378A4}.AppStore|ARM.Build.0 = Release|Any CPU
		{0E763CF9-87D3-4347-A738-FC864E5378A4}.AppStore|iPhone.ActiveCfg = Release|Any CPU
		{0E763CF9-87D3-4347-A738-FC864E5378A4}.AppStore|iPhone.Build.0 = Release|Any CPU
		{0E763CF9-87D3-4347-A738-FC864E5378A4}.AppStore|iPhoneSimulator.ActiveCfg = Release|Any CPU
		{0E763CF9-87D3-4347-A738-FC864E5378A4}.AppStore|iPhoneSimulator.Build.0 = Release|Any CPU
		{0E763CF9-87D3-4347-A738-FC864E5378A4}.AppStore|x64.ActiveCfg = Release|Any CPU
		{0E763CF9-87D3-4347-A738-FC864E5378A4}.AppStore|x64.Build.0 = Release|Any CPU
		{0E763CF9-87D3-4347-A738-FC864E5378A4}.AppStore|x86.ActiveCfg = Release|Any CPU
		{0E763CF9-87D3-4347-A738-FC864E5378A4}.AppStore|x86.Build.0 = Release|Any CPU
		{0E763CF9-87D3-4347-A738-FC864E5378A4}.Debug|Any CPU.ActiveCfg = Debug|Any CPU
		{0E763CF9-87D3-4347-A738-FC864E5378A4}.Debug|Any CPU.Build.0 = Debug|Any CPU
		{0E763CF9-87D3-4347-A738-FC864E5378A4}.Debug|ARM.ActiveCfg = Debug|Any CPU
		{0E763CF9-87D3-4347-A738-FC864E5378A4}.Debug|ARM.Build.0 = Debug|Any CPU
		{0E763CF9-87D3-4347-A738-FC864E5378A4}.Debug|iPhone.ActiveCfg = Debug|Any CPU
		{0E763CF9-87D3-4347-A738-FC864E5378A4}.Debug|iPhone.Build.0 = Debug|Any CPU
		{0E763CF9-87D3-4347-A738-FC864E5378A4}.Debug|iPhoneSimulator.ActiveCfg = Debug|Any CPU
		{0E763CF9-87D3-4347-A738-FC864E5378A4}.Debug|iPhoneSimulator.Build.0 = Debug|Any CPU
		{0E763CF9-87D3-4347-A738-FC864E5378A4}.Debug|x64.ActiveCfg = Debug|Any CPU
		{0E763CF9-87D3-4347-A738-FC864E5378A4}.Debug|x64.Build.0 = Debug|Any CPU
		{0E763CF9-87D3-4347-A738-FC864E5378A4}.Debug|x86.ActiveCfg = Debug|Any CPU
		{0E763CF9-87D3-4347-A738-FC864E5378A4}.Debug|x86.Build.0 = Debug|Any CPU
		{0E763CF9-87D3-4347-A738-FC864E5378A4}.Release|Any CPU.ActiveCfg = Release|Any CPU
		{0E763CF9-87D3-4347-A738-FC864E5378A4}.Release|Any CPU.Build.0 = Release|Any CPU
		{0E763CF9-87D3-4347-A738-FC864E5378A4}.Release|ARM.ActiveCfg = Release|Any CPU
		{0E763CF9-87D3-4347-A738-FC864E5378A4}.Release|ARM.Build.0 = Release|Any CPU
		{0E763CF9-87D3-4347-A738-FC864E5378A4}.Release|iPhone.ActiveCfg = Release|Any CPU
		{0E763CF9-87D3-4347-A738-FC864E5378A4}.Release|iPhone.Build.0 = Release|Any CPU
		{0E763CF9-87D3-4347-A738-FC864E5378A4}.Release|iPhoneSimulator.ActiveCfg = Release|Any CPU
		{0E763CF9-87D3-4347-A738-FC864E5378A4}.Release|iPhoneSimulator.Build.0 = Release|Any CPU
		{0E763CF9-87D3-4347-A738-FC864E5378A4}.Release|x64.ActiveCfg = Release|Any CPU
		{0E763CF9-87D3-4347-A738-FC864E5378A4}.Release|x64.Build.0 = Release|Any CPU
		{0E763CF9-87D3-4347-A738-FC864E5378A4}.Release|x86.ActiveCfg = Release|Any CPU
		{0E763CF9-87D3-4347-A738-FC864E5378A4}.Release|x86.Build.0 = Release|Any CPU
		{AB4DF70F-D7E9-4C19-A7E5-E47DA47D14B7}.Ad-Hoc|Any CPU.ActiveCfg = Release|Any CPU
		{AB4DF70F-D7E9-4C19-A7E5-E47DA47D14B7}.Ad-Hoc|Any CPU.Build.0 = Release|Any CPU
		{AB4DF70F-D7E9-4C19-A7E5-E47DA47D14B7}.Ad-Hoc|Any CPU.Deploy.0 = Release|Any CPU
		{AB4DF70F-D7E9-4C19-A7E5-E47DA47D14B7}.Ad-Hoc|ARM.ActiveCfg = Release|Any CPU
		{AB4DF70F-D7E9-4C19-A7E5-E47DA47D14B7}.Ad-Hoc|ARM.Build.0 = Release|Any CPU
		{AB4DF70F-D7E9-4C19-A7E5-E47DA47D14B7}.Ad-Hoc|ARM.Deploy.0 = Release|Any CPU
		{AB4DF70F-D7E9-4C19-A7E5-E47DA47D14B7}.Ad-Hoc|iPhone.ActiveCfg = Release|Any CPU
		{AB4DF70F-D7E9-4C19-A7E5-E47DA47D14B7}.Ad-Hoc|iPhone.Build.0 = Release|Any CPU
		{AB4DF70F-D7E9-4C19-A7E5-E47DA47D14B7}.Ad-Hoc|iPhone.Deploy.0 = Release|Any CPU
		{AB4DF70F-D7E9-4C19-A7E5-E47DA47D14B7}.Ad-Hoc|iPhoneSimulator.ActiveCfg = Release|Any CPU
		{AB4DF70F-D7E9-4C19-A7E5-E47DA47D14B7}.Ad-Hoc|iPhoneSimulator.Build.0 = Release|Any CPU
		{AB4DF70F-D7E9-4C19-A7E5-E47DA47D14B7}.Ad-Hoc|iPhoneSimulator.Deploy.0 = Release|Any CPU
		{AB4DF70F-D7E9-4C19-A7E5-E47DA47D14B7}.Ad-Hoc|x64.ActiveCfg = Release|Any CPU
		{AB4DF70F-D7E9-4C19-A7E5-E47DA47D14B7}.Ad-Hoc|x64.Build.0 = Release|Any CPU
		{AB4DF70F-D7E9-4C19-A7E5-E47DA47D14B7}.Ad-Hoc|x64.Deploy.0 = Release|Any CPU
		{AB4DF70F-D7E9-4C19-A7E5-E47DA47D14B7}.Ad-Hoc|x86.ActiveCfg = Release|Any CPU
		{AB4DF70F-D7E9-4C19-A7E5-E47DA47D14B7}.Ad-Hoc|x86.Build.0 = Release|Any CPU
		{AB4DF70F-D7E9-4C19-A7E5-E47DA47D14B7}.Ad-Hoc|x86.Deploy.0 = Release|Any CPU
		{AB4DF70F-D7E9-4C19-A7E5-E47DA47D14B7}.AppStore|Any CPU.ActiveCfg = Release|Any CPU
		{AB4DF70F-D7E9-4C19-A7E5-E47DA47D14B7}.AppStore|Any CPU.Build.0 = Release|Any CPU
		{AB4DF70F-D7E9-4C19-A7E5-E47DA47D14B7}.AppStore|Any CPU.Deploy.0 = Release|Any CPU
		{AB4DF70F-D7E9-4C19-A7E5-E47DA47D14B7}.AppStore|ARM.ActiveCfg = Release|Any CPU
		{AB4DF70F-D7E9-4C19-A7E5-E47DA47D14B7}.AppStore|ARM.Build.0 = Release|Any CPU
		{AB4DF70F-D7E9-4C19-A7E5-E47DA47D14B7}.AppStore|ARM.Deploy.0 = Release|Any CPU
		{AB4DF70F-D7E9-4C19-A7E5-E47DA47D14B7}.AppStore|iPhone.ActiveCfg = Release|Any CPU
		{AB4DF70F-D7E9-4C19-A7E5-E47DA47D14B7}.AppStore|iPhone.Build.0 = Release|Any CPU
		{AB4DF70F-D7E9-4C19-A7E5-E47DA47D14B7}.AppStore|iPhone.Deploy.0 = Release|Any CPU
		{AB4DF70F-D7E9-4C19-A7E5-E47DA47D14B7}.AppStore|iPhoneSimulator.ActiveCfg = Release|Any CPU
		{AB4DF70F-D7E9-4C19-A7E5-E47DA47D14B7}.AppStore|iPhoneSimulator.Build.0 = Release|Any CPU
		{AB4DF70F-D7E9-4C19-A7E5-E47DA47D14B7}.AppStore|iPhoneSimulator.Deploy.0 = Release|Any CPU
		{AB4DF70F-D7E9-4C19-A7E5-E47DA47D14B7}.AppStore|x64.ActiveCfg = Release|Any CPU
		{AB4DF70F-D7E9-4C19-A7E5-E47DA47D14B7}.AppStore|x64.Build.0 = Release|Any CPU
		{AB4DF70F-D7E9-4C19-A7E5-E47DA47D14B7}.AppStore|x64.Deploy.0 = Release|Any CPU
		{AB4DF70F-D7E9-4C19-A7E5-E47DA47D14B7}.AppStore|x86.ActiveCfg = Release|Any CPU
		{AB4DF70F-D7E9-4C19-A7E5-E47DA47D14B7}.AppStore|x86.Build.0 = Release|Any CPU
		{AB4DF70F-D7E9-4C19-A7E5-E47DA47D14B7}.AppStore|x86.Deploy.0 = Release|Any CPU
		{AB4DF70F-D7E9-4C19-A7E5-E47DA47D14B7}.Debug|Any CPU.ActiveCfg = Debug|Any CPU
		{AB4DF70F-D7E9-4C19-A7E5-E47DA47D14B7}.Debug|Any CPU.Build.0 = Debug|Any CPU
		{AB4DF70F-D7E9-4C19-A7E5-E47DA47D14B7}.Debug|Any CPU.Deploy.0 = Debug|Any CPU
		{AB4DF70F-D7E9-4C19-A7E5-E47DA47D14B7}.Debug|ARM.ActiveCfg = Debug|Any CPU
		{AB4DF70F-D7E9-4C19-A7E5-E47DA47D14B7}.Debug|ARM.Build.0 = Debug|Any CPU
		{AB4DF70F-D7E9-4C19-A7E5-E47DA47D14B7}.Debug|ARM.Deploy.0 = Debug|Any CPU
		{AB4DF70F-D7E9-4C19-A7E5-E47DA47D14B7}.Debug|iPhone.ActiveCfg = Debug|Any CPU
		{AB4DF70F-D7E9-4C19-A7E5-E47DA47D14B7}.Debug|iPhone.Build.0 = Debug|Any CPU
		{AB4DF70F-D7E9-4C19-A7E5-E47DA47D14B7}.Debug|iPhone.Deploy.0 = Debug|Any CPU
		{AB4DF70F-D7E9-4C19-A7E5-E47DA47D14B7}.Debug|iPhoneSimulator.ActiveCfg = Debug|Any CPU
		{AB4DF70F-D7E9-4C19-A7E5-E47DA47D14B7}.Debug|iPhoneSimulator.Build.0 = Debug|Any CPU
		{AB4DF70F-D7E9-4C19-A7E5-E47DA47D14B7}.Debug|iPhoneSimulator.Deploy.0 = Debug|Any CPU
		{AB4DF70F-D7E9-4C19-A7E5-E47DA47D14B7}.Debug|x64.ActiveCfg = Debug|Any CPU
		{AB4DF70F-D7E9-4C19-A7E5-E47DA47D14B7}.Debug|x64.Build.0 = Debug|Any CPU
		{AB4DF70F-D7E9-4C19-A7E5-E47DA47D14B7}.Debug|x64.Deploy.0 = Debug|Any CPU
		{AB4DF70F-D7E9-4C19-A7E5-E47DA47D14B7}.Debug|x86.ActiveCfg = Debug|Any CPU
		{AB4DF70F-D7E9-4C19-A7E5-E47DA47D14B7}.Debug|x86.Build.0 = Debug|Any CPU
		{AB4DF70F-D7E9-4C19-A7E5-E47DA47D14B7}.Debug|x86.Deploy.0 = Debug|Any CPU
		{AB4DF70F-D7E9-4C19-A7E5-E47DA47D14B7}.Release|Any CPU.ActiveCfg = Release|Any CPU
		{AB4DF70F-D7E9-4C19-A7E5-E47DA47D14B7}.Release|Any CPU.Build.0 = Release|Any CPU
		{AB4DF70F-D7E9-4C19-A7E5-E47DA47D14B7}.Release|Any CPU.Deploy.0 = Release|Any CPU
		{AB4DF70F-D7E9-4C19-A7E5-E47DA47D14B7}.Release|ARM.ActiveCfg = Release|Any CPU
		{AB4DF70F-D7E9-4C19-A7E5-E47DA47D14B7}.Release|ARM.Build.0 = Release|Any CPU
		{AB4DF70F-D7E9-4C19-A7E5-E47DA47D14B7}.Release|ARM.Deploy.0 = Release|Any CPU
		{AB4DF70F-D7E9-4C19-A7E5-E47DA47D14B7}.Release|iPhone.ActiveCfg = Release|Any CPU
		{AB4DF70F-D7E9-4C19-A7E5-E47DA47D14B7}.Release|iPhone.Build.0 = Release|Any CPU
		{AB4DF70F-D7E9-4C19-A7E5-E47DA47D14B7}.Release|iPhone.Deploy.0 = Release|Any CPU
		{AB4DF70F-D7E9-4C19-A7E5-E47DA47D14B7}.Release|iPhoneSimulator.ActiveCfg = Release|Any CPU
		{AB4DF70F-D7E9-4C19-A7E5-E47DA47D14B7}.Release|iPhoneSimulator.Build.0 = Release|Any CPU
		{AB4DF70F-D7E9-4C19-A7E5-E47DA47D14B7}.Release|iPhoneSimulator.Deploy.0 = Release|Any CPU
		{AB4DF70F-D7E9-4C19-A7E5-E47DA47D14B7}.Release|x64.ActiveCfg = Release|Any CPU
		{AB4DF70F-D7E9-4C19-A7E5-E47DA47D14B7}.Release|x64.Build.0 = Release|Any CPU
		{AB4DF70F-D7E9-4C19-A7E5-E47DA47D14B7}.Release|x64.Deploy.0 = Release|Any CPU
		{AB4DF70F-D7E9-4C19-A7E5-E47DA47D14B7}.Release|x86.ActiveCfg = Release|Any CPU
		{AB4DF70F-D7E9-4C19-A7E5-E47DA47D14B7}.Release|x86.Build.0 = Release|Any CPU
		{AB4DF70F-D7E9-4C19-A7E5-E47DA47D14B7}.Release|x86.Deploy.0 = Release|Any CPU
		{BBFEC8DA-903D-4156-9579-C4ADA598F476}.Ad-Hoc|Any CPU.ActiveCfg = Ad-Hoc|iPhone
		{BBFEC8DA-903D-4156-9579-C4ADA598F476}.Ad-Hoc|ARM.ActiveCfg = Ad-Hoc|iPhone
		{BBFEC8DA-903D-4156-9579-C4ADA598F476}.Ad-Hoc|iPhone.ActiveCfg = Ad-Hoc|iPhone
		{BBFEC8DA-903D-4156-9579-C4ADA598F476}.Ad-Hoc|iPhone.Build.0 = Ad-Hoc|iPhone
		{BBFEC8DA-903D-4156-9579-C4ADA598F476}.Ad-Hoc|iPhoneSimulator.ActiveCfg = Ad-Hoc|iPhoneSimulator
		{BBFEC8DA-903D-4156-9579-C4ADA598F476}.Ad-Hoc|iPhoneSimulator.Build.0 = Ad-Hoc|iPhoneSimulator
		{BBFEC8DA-903D-4156-9579-C4ADA598F476}.Ad-Hoc|x64.ActiveCfg = Ad-Hoc|iPhone
		{BBFEC8DA-903D-4156-9579-C4ADA598F476}.Ad-Hoc|x86.ActiveCfg = Ad-Hoc|iPhone
		{BBFEC8DA-903D-4156-9579-C4ADA598F476}.AppStore|Any CPU.ActiveCfg = AppStore|iPhone
		{BBFEC8DA-903D-4156-9579-C4ADA598F476}.AppStore|ARM.ActiveCfg = AppStore|iPhone
		{BBFEC8DA-903D-4156-9579-C4ADA598F476}.AppStore|iPhone.ActiveCfg = AppStore|iPhone
		{BBFEC8DA-903D-4156-9579-C4ADA598F476}.AppStore|iPhone.Build.0 = AppStore|iPhone
		{BBFEC8DA-903D-4156-9579-C4ADA598F476}.AppStore|iPhoneSimulator.ActiveCfg = AppStore|iPhoneSimulator
		{BBFEC8DA-903D-4156-9579-C4ADA598F476}.AppStore|iPhoneSimulator.Build.0 = AppStore|iPhoneSimulator
		{BBFEC8DA-903D-4156-9579-C4ADA598F476}.AppStore|x64.ActiveCfg = AppStore|iPhone
		{BBFEC8DA-903D-4156-9579-C4ADA598F476}.AppStore|x86.ActiveCfg = AppStore|iPhone
		{BBFEC8DA-903D-4156-9579-C4ADA598F476}.Debug|Any CPU.ActiveCfg = Debug|iPhone
		{BBFEC8DA-903D-4156-9579-C4ADA598F476}.Debug|ARM.ActiveCfg = Debug|iPhone
		{BBFEC8DA-903D-4156-9579-C4ADA598F476}.Debug|iPhone.ActiveCfg = Debug|iPhone
		{BBFEC8DA-903D-4156-9579-C4ADA598F476}.Debug|iPhone.Build.0 = Debug|iPhone
		{BBFEC8DA-903D-4156-9579-C4ADA598F476}.Debug|iPhoneSimulator.ActiveCfg = Debug|iPhoneSimulator
		{BBFEC8DA-903D-4156-9579-C4ADA598F476}.Debug|iPhoneSimulator.Build.0 = Debug|iPhoneSimulator
		{BBFEC8DA-903D-4156-9579-C4ADA598F476}.Debug|x64.ActiveCfg = Debug|iPhone
		{BBFEC8DA-903D-4156-9579-C4ADA598F476}.Debug|x86.ActiveCfg = Debug|iPhone
		{BBFEC8DA-903D-4156-9579-C4ADA598F476}.Release|Any CPU.ActiveCfg = Release|iPhone
		{BBFEC8DA-903D-4156-9579-C4ADA598F476}.Release|ARM.ActiveCfg = Release|iPhone
		{BBFEC8DA-903D-4156-9579-C4ADA598F476}.Release|iPhone.ActiveCfg = Release|iPhone
		{BBFEC8DA-903D-4156-9579-C4ADA598F476}.Release|iPhone.Build.0 = Release|iPhone
		{BBFEC8DA-903D-4156-9579-C4ADA598F476}.Release|iPhoneSimulator.ActiveCfg = Release|iPhoneSimulator
		{BBFEC8DA-903D-4156-9579-C4ADA598F476}.Release|iPhoneSimulator.Build.0 = Release|iPhoneSimulator
		{BBFEC8DA-903D-4156-9579-C4ADA598F476}.Release|x64.ActiveCfg = Release|iPhone
		{BBFEC8DA-903D-4156-9579-C4ADA598F476}.Release|x86.ActiveCfg = Release|iPhone
		{450AAF0A-169B-4002-A07B-98852CEBC75A}.Ad-Hoc|Any CPU.ActiveCfg = Release|Any CPU
		{450AAF0A-169B-4002-A07B-98852CEBC75A}.Ad-Hoc|Any CPU.Build.0 = Release|Any CPU
		{450AAF0A-169B-4002-A07B-98852CEBC75A}.Ad-Hoc|Any CPU.Deploy.0 = Release|Any CPU
		{450AAF0A-169B-4002-A07B-98852CEBC75A}.Ad-Hoc|ARM.ActiveCfg = Release|ARM
		{450AAF0A-169B-4002-A07B-98852CEBC75A}.Ad-Hoc|ARM.Build.0 = Release|ARM
		{450AAF0A-169B-4002-A07B-98852CEBC75A}.Ad-Hoc|ARM.Deploy.0 = Release|ARM
		{450AAF0A-169B-4002-A07B-98852CEBC75A}.Ad-Hoc|iPhone.ActiveCfg = Release|Any CPU
		{450AAF0A-169B-4002-A07B-98852CEBC75A}.Ad-Hoc|iPhone.Build.0 = Release|Any CPU
		{450AAF0A-169B-4002-A07B-98852CEBC75A}.Ad-Hoc|iPhone.Deploy.0 = Release|Any CPU
		{450AAF0A-169B-4002-A07B-98852CEBC75A}.Ad-Hoc|iPhoneSimulator.ActiveCfg = Release|Any CPU
		{450AAF0A-169B-4002-A07B-98852CEBC75A}.Ad-Hoc|iPhoneSimulator.Build.0 = Release|Any CPU
		{450AAF0A-169B-4002-A07B-98852CEBC75A}.Ad-Hoc|iPhoneSimulator.Deploy.0 = Release|Any CPU
		{450AAF0A-169B-4002-A07B-98852CEBC75A}.Ad-Hoc|x64.ActiveCfg = Release|Any CPU
		{450AAF0A-169B-4002-A07B-98852CEBC75A}.Ad-Hoc|x64.Build.0 = Release|Any CPU
		{450AAF0A-169B-4002-A07B-98852CEBC75A}.Ad-Hoc|x64.Deploy.0 = Release|Any CPU
		{450AAF0A-169B-4002-A07B-98852CEBC75A}.Ad-Hoc|x86.ActiveCfg = Release|x86
		{450AAF0A-169B-4002-A07B-98852CEBC75A}.Ad-Hoc|x86.Build.0 = Release|x86
		{450AAF0A-169B-4002-A07B-98852CEBC75A}.Ad-Hoc|x86.Deploy.0 = Release|x86
		{450AAF0A-169B-4002-A07B-98852CEBC75A}.AppStore|Any CPU.ActiveCfg = Release|Any CPU
		{450AAF0A-169B-4002-A07B-98852CEBC75A}.AppStore|Any CPU.Build.0 = Release|Any CPU
		{450AAF0A-169B-4002-A07B-98852CEBC75A}.AppStore|Any CPU.Deploy.0 = Release|Any CPU
		{450AAF0A-169B-4002-A07B-98852CEBC75A}.AppStore|ARM.ActiveCfg = Release|ARM
		{450AAF0A-169B-4002-A07B-98852CEBC75A}.AppStore|ARM.Build.0 = Release|ARM
		{450AAF0A-169B-4002-A07B-98852CEBC75A}.AppStore|ARM.Deploy.0 = Release|ARM
		{450AAF0A-169B-4002-A07B-98852CEBC75A}.AppStore|iPhone.ActiveCfg = Release|Any CPU
		{450AAF0A-169B-4002-A07B-98852CEBC75A}.AppStore|iPhone.Build.0 = Release|Any CPU
		{450AAF0A-169B-4002-A07B-98852CEBC75A}.AppStore|iPhone.Deploy.0 = Release|Any CPU
		{450AAF0A-169B-4002-A07B-98852CEBC75A}.AppStore|iPhoneSimulator.ActiveCfg = Release|Any CPU
		{450AAF0A-169B-4002-A07B-98852CEBC75A}.AppStore|iPhoneSimulator.Build.0 = Release|Any CPU
		{450AAF0A-169B-4002-A07B-98852CEBC75A}.AppStore|iPhoneSimulator.Deploy.0 = Release|Any CPU
		{450AAF0A-169B-4002-A07B-98852CEBC75A}.AppStore|x64.ActiveCfg = Release|Any CPU
		{450AAF0A-169B-4002-A07B-98852CEBC75A}.AppStore|x64.Build.0 = Release|Any CPU
		{450AAF0A-169B-4002-A07B-98852CEBC75A}.AppStore|x64.Deploy.0 = Release|Any CPU
		{450AAF0A-169B-4002-A07B-98852CEBC75A}.AppStore|x86.ActiveCfg = Release|x86
		{450AAF0A-169B-4002-A07B-98852CEBC75A}.AppStore|x86.Build.0 = Release|x86
		{450AAF0A-169B-4002-A07B-98852CEBC75A}.AppStore|x86.Deploy.0 = Release|x86
		{450AAF0A-169B-4002-A07B-98852CEBC75A}.Debug|Any CPU.ActiveCfg = Debug|Any CPU
		{450AAF0A-169B-4002-A07B-98852CEBC75A}.Debug|Any CPU.Build.0 = Debug|Any CPU
		{450AAF0A-169B-4002-A07B-98852CEBC75A}.Debug|Any CPU.Deploy.0 = Debug|Any CPU
		{450AAF0A-169B-4002-A07B-98852CEBC75A}.Debug|ARM.ActiveCfg = Debug|ARM
		{450AAF0A-169B-4002-A07B-98852CEBC75A}.Debug|ARM.Build.0 = Debug|ARM
		{450AAF0A-169B-4002-A07B-98852CEBC75A}.Debug|ARM.Deploy.0 = Debug|ARM
		{450AAF0A-169B-4002-A07B-98852CEBC75A}.Debug|iPhone.ActiveCfg = Debug|Any CPU
		{450AAF0A-169B-4002-A07B-98852CEBC75A}.Debug|iPhone.Build.0 = Debug|Any CPU
		{450AAF0A-169B-4002-A07B-98852CEBC75A}.Debug|iPhone.Deploy.0 = Debug|Any CPU
		{450AAF0A-169B-4002-A07B-98852CEBC75A}.Debug|iPhoneSimulator.ActiveCfg = Debug|Any CPU
		{450AAF0A-169B-4002-A07B-98852CEBC75A}.Debug|iPhoneSimulator.Build.0 = Debug|Any CPU
		{450AAF0A-169B-4002-A07B-98852CEBC75A}.Debug|iPhoneSimulator.Deploy.0 = Debug|Any CPU
		{450AAF0A-169B-4002-A07B-98852CEBC75A}.Debug|x64.ActiveCfg = Debug|Any CPU
		{450AAF0A-169B-4002-A07B-98852CEBC75A}.Debug|x64.Build.0 = Debug|Any CPU
		{450AAF0A-169B-4002-A07B-98852CEBC75A}.Debug|x64.Deploy.0 = Debug|Any CPU
		{450AAF0A-169B-4002-A07B-98852CEBC75A}.Debug|x86.ActiveCfg = Debug|x86
		{450AAF0A-169B-4002-A07B-98852CEBC75A}.Debug|x86.Build.0 = Debug|x86
		{450AAF0A-169B-4002-A07B-98852CEBC75A}.Debug|x86.Deploy.0 = Debug|x86
		{450AAF0A-169B-4002-A07B-98852CEBC75A}.Release|Any CPU.ActiveCfg = Release|Any CPU
		{450AAF0A-169B-4002-A07B-98852CEBC75A}.Release|Any CPU.Build.0 = Release|Any CPU
		{450AAF0A-169B-4002-A07B-98852CEBC75A}.Release|Any CPU.Deploy.0 = Release|Any CPU
		{450AAF0A-169B-4002-A07B-98852CEBC75A}.Release|ARM.ActiveCfg = Release|ARM
		{450AAF0A-169B-4002-A07B-98852CEBC75A}.Release|ARM.Build.0 = Release|ARM
		{450AAF0A-169B-4002-A07B-98852CEBC75A}.Release|ARM.Deploy.0 = Release|ARM
		{450AAF0A-169B-4002-A07B-98852CEBC75A}.Release|iPhone.ActiveCfg = Release|Any CPU
		{450AAF0A-169B-4002-A07B-98852CEBC75A}.Release|iPhone.Build.0 = Release|Any CPU
		{450AAF0A-169B-4002-A07B-98852CEBC75A}.Release|iPhone.Deploy.0 = Release|Any CPU
		{450AAF0A-169B-4002-A07B-98852CEBC75A}.Release|iPhoneSimulator.ActiveCfg = Release|Any CPU
		{450AAF0A-169B-4002-A07B-98852CEBC75A}.Release|iPhoneSimulator.Build.0 = Release|Any CPU
		{450AAF0A-169B-4002-A07B-98852CEBC75A}.Release|iPhoneSimulator.Deploy.0 = Release|Any CPU
		{450AAF0A-169B-4002-A07B-98852CEBC75A}.Release|x64.ActiveCfg = Release|Any CPU
		{450AAF0A-169B-4002-A07B-98852CEBC75A}.Release|x64.Build.0 = Release|Any CPU
		{450AAF0A-169B-4002-A07B-98852CEBC75A}.Release|x64.Deploy.0 = Release|Any CPU
		{450AAF0A-169B-4002-A07B-98852CEBC75A}.Release|x86.ActiveCfg = Release|x86
		{450AAF0A-169B-4002-A07B-98852CEBC75A}.Release|x86.Build.0 = Release|x86
		{450AAF0A-169B-4002-A07B-98852CEBC75A}.Release|x86.Deploy.0 = Release|x86
		{DBA6EE5C-2423-4807-B807-2480AFBD12F4}.Ad-Hoc|Any CPU.ActiveCfg = Release|Any CPU
		{DBA6EE5C-2423-4807-B807-2480AFBD12F4}.Ad-Hoc|Any CPU.Build.0 = Release|Any CPU
		{DBA6EE5C-2423-4807-B807-2480AFBD12F4}.Ad-Hoc|Any CPU.Deploy.0 = Release|Any CPU
		{DBA6EE5C-2423-4807-B807-2480AFBD12F4}.Ad-Hoc|ARM.ActiveCfg = Release|ARM
		{DBA6EE5C-2423-4807-B807-2480AFBD12F4}.Ad-Hoc|ARM.Build.0 = Release|ARM
		{DBA6EE5C-2423-4807-B807-2480AFBD12F4}.Ad-Hoc|ARM.Deploy.0 = Release|ARM
		{DBA6EE5C-2423-4807-B807-2480AFBD12F4}.Ad-Hoc|iPhone.ActiveCfg = Release|Any CPU
		{DBA6EE5C-2423-4807-B807-2480AFBD12F4}.Ad-Hoc|iPhone.Build.0 = Release|Any CPU
		{DBA6EE5C-2423-4807-B807-2480AFBD12F4}.Ad-Hoc|iPhone.Deploy.0 = Release|Any CPU
		{DBA6EE5C-2423-4807-B807-2480AFBD12F4}.Ad-Hoc|iPhoneSimulator.ActiveCfg = Release|Any CPU
		{DBA6EE5C-2423-4807-B807-2480AFBD12F4}.Ad-Hoc|iPhoneSimulator.Build.0 = Release|Any CPU
		{DBA6EE5C-2423-4807-B807-2480AFBD12F4}.Ad-Hoc|iPhoneSimulator.Deploy.0 = Release|Any CPU
		{DBA6EE5C-2423-4807-B807-2480AFBD12F4}.Ad-Hoc|x64.ActiveCfg = Release|x64
		{DBA6EE5C-2423-4807-B807-2480AFBD12F4}.Ad-Hoc|x64.Build.0 = Release|x64
		{DBA6EE5C-2423-4807-B807-2480AFBD12F4}.Ad-Hoc|x64.Deploy.0 = Release|x64
		{DBA6EE5C-2423-4807-B807-2480AFBD12F4}.Ad-Hoc|x86.ActiveCfg = Release|x86
		{DBA6EE5C-2423-4807-B807-2480AFBD12F4}.Ad-Hoc|x86.Build.0 = Release|x86
		{DBA6EE5C-2423-4807-B807-2480AFBD12F4}.Ad-Hoc|x86.Deploy.0 = Release|x86
		{DBA6EE5C-2423-4807-B807-2480AFBD12F4}.AppStore|Any CPU.ActiveCfg = Release|Any CPU
		{DBA6EE5C-2423-4807-B807-2480AFBD12F4}.AppStore|Any CPU.Build.0 = Release|Any CPU
		{DBA6EE5C-2423-4807-B807-2480AFBD12F4}.AppStore|Any CPU.Deploy.0 = Release|Any CPU
		{DBA6EE5C-2423-4807-B807-2480AFBD12F4}.AppStore|ARM.ActiveCfg = Release|ARM
		{DBA6EE5C-2423-4807-B807-2480AFBD12F4}.AppStore|ARM.Build.0 = Release|ARM
		{DBA6EE5C-2423-4807-B807-2480AFBD12F4}.AppStore|ARM.Deploy.0 = Release|ARM
		{DBA6EE5C-2423-4807-B807-2480AFBD12F4}.AppStore|iPhone.ActiveCfg = Release|Any CPU
		{DBA6EE5C-2423-4807-B807-2480AFBD12F4}.AppStore|iPhone.Build.0 = Release|Any CPU
		{DBA6EE5C-2423-4807-B807-2480AFBD12F4}.AppStore|iPhone.Deploy.0 = Release|Any CPU
		{DBA6EE5C-2423-4807-B807-2480AFBD12F4}.AppStore|iPhoneSimulator.ActiveCfg = Release|Any CPU
		{DBA6EE5C-2423-4807-B807-2480AFBD12F4}.AppStore|iPhoneSimulator.Build.0 = Release|Any CPU
		{DBA6EE5C-2423-4807-B807-2480AFBD12F4}.AppStore|iPhoneSimulator.Deploy.0 = Release|Any CPU
		{DBA6EE5C-2423-4807-B807-2480AFBD12F4}.AppStore|x64.ActiveCfg = Release|x64
		{DBA6EE5C-2423-4807-B807-2480AFBD12F4}.AppStore|x64.Build.0 = Release|x64
		{DBA6EE5C-2423-4807-B807-2480AFBD12F4}.AppStore|x64.Deploy.0 = Release|x64
		{DBA6EE5C-2423-4807-B807-2480AFBD12F4}.AppStore|x86.ActiveCfg = Release|x86
		{DBA6EE5C-2423-4807-B807-2480AFBD12F4}.AppStore|x86.Build.0 = Release|x86
		{DBA6EE5C-2423-4807-B807-2480AFBD12F4}.AppStore|x86.Deploy.0 = Release|x86
		{DBA6EE5C-2423-4807-B807-2480AFBD12F4}.Debug|Any CPU.ActiveCfg = Debug|Any CPU
		{DBA6EE5C-2423-4807-B807-2480AFBD12F4}.Debug|Any CPU.Build.0 = Debug|Any CPU
		{DBA6EE5C-2423-4807-B807-2480AFBD12F4}.Debug|Any CPU.Deploy.0 = Debug|Any CPU
		{DBA6EE5C-2423-4807-B807-2480AFBD12F4}.Debug|ARM.ActiveCfg = Debug|ARM
		{DBA6EE5C-2423-4807-B807-2480AFBD12F4}.Debug|ARM.Build.0 = Debug|ARM
		{DBA6EE5C-2423-4807-B807-2480AFBD12F4}.Debug|ARM.Deploy.0 = Debug|ARM
		{DBA6EE5C-2423-4807-B807-2480AFBD12F4}.Debug|iPhone.ActiveCfg = Debug|Any CPU
		{DBA6EE5C-2423-4807-B807-2480AFBD12F4}.Debug|iPhone.Build.0 = Debug|Any CPU
		{DBA6EE5C-2423-4807-B807-2480AFBD12F4}.Debug|iPhone.Deploy.0 = Debug|Any CPU
		{DBA6EE5C-2423-4807-B807-2480AFBD12F4}.Debug|iPhoneSimulator.ActiveCfg = Debug|Any CPU
		{DBA6EE5C-2423-4807-B807-2480AFBD12F4}.Debug|iPhoneSimulator.Build.0 = Debug|Any CPU
		{DBA6EE5C-2423-4807-B807-2480AFBD12F4}.Debug|iPhoneSimulator.Deploy.0 = Debug|Any CPU
		{DBA6EE5C-2423-4807-B807-2480AFBD12F4}.Debug|x64.ActiveCfg = Debug|x64
		{DBA6EE5C-2423-4807-B807-2480AFBD12F4}.Debug|x64.Build.0 = Debug|x64
		{DBA6EE5C-2423-4807-B807-2480AFBD12F4}.Debug|x64.Deploy.0 = Debug|x64
		{DBA6EE5C-2423-4807-B807-2480AFBD12F4}.Debug|x86.ActiveCfg = Debug|x86
		{DBA6EE5C-2423-4807-B807-2480AFBD12F4}.Debug|x86.Build.0 = Debug|x86
		{DBA6EE5C-2423-4807-B807-2480AFBD12F4}.Debug|x86.Deploy.0 = Debug|x86
		{DBA6EE5C-2423-4807-B807-2480AFBD12F4}.Release|Any CPU.ActiveCfg = Release|Any CPU
		{DBA6EE5C-2423-4807-B807-2480AFBD12F4}.Release|Any CPU.Build.0 = Release|Any CPU
		{DBA6EE5C-2423-4807-B807-2480AFBD12F4}.Release|Any CPU.Deploy.0 = Release|Any CPU
		{DBA6EE5C-2423-4807-B807-2480AFBD12F4}.Release|ARM.ActiveCfg = Release|ARM
		{DBA6EE5C-2423-4807-B807-2480AFBD12F4}.Release|ARM.Build.0 = Release|ARM
		{DBA6EE5C-2423-4807-B807-2480AFBD12F4}.Release|ARM.Deploy.0 = Release|ARM
		{DBA6EE5C-2423-4807-B807-2480AFBD12F4}.Release|iPhone.ActiveCfg = Release|Any CPU
		{DBA6EE5C-2423-4807-B807-2480AFBD12F4}.Release|iPhone.Build.0 = Release|Any CPU
		{DBA6EE5C-2423-4807-B807-2480AFBD12F4}.Release|iPhone.Deploy.0 = Release|Any CPU
		{DBA6EE5C-2423-4807-B807-2480AFBD12F4}.Release|iPhoneSimulator.ActiveCfg = Release|Any CPU
		{DBA6EE5C-2423-4807-B807-2480AFBD12F4}.Release|iPhoneSimulator.Build.0 = Release|Any CPU
		{DBA6EE5C-2423-4807-B807-2480AFBD12F4}.Release|iPhoneSimulator.Deploy.0 = Release|Any CPU
		{DBA6EE5C-2423-4807-B807-2480AFBD12F4}.Release|x64.ActiveCfg = Release|x64
		{DBA6EE5C-2423-4807-B807-2480AFBD12F4}.Release|x64.Build.0 = Release|x64
		{DBA6EE5C-2423-4807-B807-2480AFBD12F4}.Release|x64.Deploy.0 = Release|x64
		{DBA6EE5C-2423-4807-B807-2480AFBD12F4}.Release|x86.ActiveCfg = Release|x86
		{DBA6EE5C-2423-4807-B807-2480AFBD12F4}.Release|x86.Build.0 = Release|x86
		{DBA6EE5C-2423-4807-B807-2480AFBD12F4}.Release|x86.Deploy.0 = Release|x86
	EndGlobalSection
	GlobalSection(SolutionProperties) = preSolution
		HideSolutionNode = FALSE
	EndGlobalSection
EndGlobal
